
Microsoft Visual Studio Solution File, Format Version 12.00
# Visual Studio 2012
Project("{8BC9CEB8-8B4A-11D0-8D11-00A0C91BC942}") = "Binary_Search", "SampleProject.vcxproj", "{870EB9FF-B8E2-47F7-8E36-21F3C5B8EE19}"
EndProject
Global
	GlobalSection(SolutionConfigurationPlatforms) = preSolution
		Debug|Win32 = Debug|Win32
		Release|Win32 = Release|Win32
	EndGlobalSection
	GlobalSection(ProjectConfigurationPlatforms) = postSolution
		{870EB9FF-B8E2-47F7-8E36-21F3C5B8EE19}.Debug|Win32.ActiveCfg = Debug|Win32
		{870EB9FF-B8E2-47F7-8E36-21F3C5B8EE19}.Debug|Win32.Build.0 = Debug|Win32
		{870EB9FF-B8E2-47F7-8E36-21F3C5B8EE19}.Release|Win32.ActiveCfg = Release|Win32
		{870EB9FF-B8E2-47F7-8E36-21F3C5B8EE19}.Release|Win32.Build.0 = Release|Win32
	EndGlobalSection
	GlobalSection(SolutionProperties) = preSolution
		HideSolutionNode = FALSE
	EndGlobalSection
EndGlobal
